<?xml version="1.0" encoding="UTF-8" standalone="yes" ?>
<CodeBlocks_project_file>
	<FileVersion major="1" minor="6" />
	<Project>
		<Option title="free_project" />
		<Option pch_mode="2" />
		<Option compiler="gcc" />
		<Option virtualFolders="src\structures\;" />
		<Build>
			<Target title="Debug">
				<Option output="bin/Debug/free_project" prefix_auto="1" extension_auto="1" />
				<Option object_output="obj/Debug/" />
				<Option type="1" />
				<Option compiler="gcc" />
				<Compiler>
					<Add option="-g" />
				</Compiler>
			</Target>
			<Target title="Release">
				<Option output="bin/Release/free_project" prefix_auto="1" extension_auto="1" />
				<Option object_output="obj/Release/" />
				<Option type="0" />
				<Option compiler="gcc" />
				<Compiler>
					<Add option="-O2" />
				</Compiler>
				<Linker>
					<Add option="-s" />
				</Linker>
			</Target>
		</Build>
		<Compiler>
			<Add option="-Wall" />
			<Add option="-std=c99" />
			<Add directory="C:/Program Files (x86)/CodeBlocks/MinGW/include/SDL-1.2.15/include" />
		</Compiler>
		<Linker>
			<Add library="mingw32" />
			<Add library="SDLmain" />
			<Add library="SDL.dll" />
			<Add library="user32" />
			<Add library="gdi32" />
			<Add library="winmm" />
			<Add library="dxguid" />
			<Add directory="C:/Program Files (x86)/CodeBlocks/MinGW/include/SDL-1.2.15/lib" />
		</Linker>
		<Unit filename="main.c">
			<Option compilerVar="CC" />
		</Unit>
		<Unit filename="src/engine/asset.c">
			<Option compilerVar="CC" />
		</Unit>
		<Unit filename="src/engine/asset.h" />
		<Unit filename="src/engine/collectors/image.c">
			<Option compilerVar="CC" />
		</Unit>
		<Unit filename="src/engine/collectors/image.h" />
		<Unit filename="src/engine/collectors/scene.c">
			<Option compilerVar="CC" />
		</Unit>
		<Unit filename="src/engine/collectors/scene.h" />
		<Unit filename="src/engine/collectors/sound.c">
			<Option compilerVar="CC" />
		</Unit>
		<Unit filename="src/engine/collectors/sound.h" />
		<Unit filename="src/engine/collectors/ttf.c">
			<Option compilerVar="CC" />
		</Unit>
		<Unit filename="src/engine/collectors/ttf.h" />
		<Unit filename="src/engine/config.c">
			<Option compilerVar="CC" />
		</Unit>
		<Unit filename="src/engine/config.h" />
		<Unit filename="src/engine/data.c">
			<Option compilerVar="CC" />
		</Unit>
		<Unit filename="src/engine/data.h" />
		<Unit filename="src/engine/fps.c">
			<Option compilerVar="CC" />
		</Unit>
		<Unit filename="src/engine/fps.h" />
		<Unit filename="src/engine/game/combat.c">
			<Option compilerVar="CC" />
		</Unit>
		<Unit filename="src/engine/game/combat.h" />
		<Unit filename="src/engine/game/dungeon/bounds.c">
			<Option compilerVar="CC" />
		</Unit>
		<Unit filename="src/engine/game/dungeon/bounds.h" />
		<Unit filename="src/engine/game/dungeon/condition.c">
			<Option compilerVar="CC" />
		</Unit>
		<Unit filename="src/engine/game/dungeon/condition.h" />
		<Unit filename="src/engine/game/dungeon/dungeon.c">
			<Option compilerVar="CC" />
		</Unit>
		<Unit filename="src/engine/game/dungeon/dungeon.h" />
		<Unit filename="src/engine/game/dungeon/edge.c">
			<Option compilerVar="CC" />
		</Unit>
		<Unit filename="src/engine/game/dungeon/edge.h" />
		<Unit filename="src/engine/game/dungeon/generator.c">
			<Option compilerVar="CC" />
		</Unit>
		<Unit filename="src/engine/game/dungeon/generator.h" />
		<Unit filename="src/engine/game/dungeon/room.c">
			<Option compilerVar="CC" />
		</Unit>
		<Unit filename="src/engine/game/dungeon/room.h" />
		<Unit filename="src/engine/game/dungeon/roomlist.c">
			<Option compilerVar="CC" />
		</Unit>
		<Unit filename="src/engine/game/dungeon/roomlist.h" />
		<Unit filename="src/engine/game/dungeon/symbol.c">
			<Option compilerVar="CC" />
		</Unit>
		<Unit filename="src/engine/game/dungeon/symbol.h" />
		<Unit filename="src/engine/game/dungeon/utils/coord.c">
			<Option compilerVar="CC" />
		</Unit>
		<Unit filename="src/engine/game/dungeon/utils/coord.h" />
		<Unit filename="src/engine/game/dungeon/utils/direction.c">
			<Option compilerVar="CC" />
		</Unit>
		<Unit filename="src/engine/game/dungeon/utils/direction.h" />
		<Unit filename="src/engine/game/dungeon/utils/queue.c">
			<Option compilerVar="CC" />
		</Unit>
		<Unit filename="src/engine/game/dungeon/utils/queue.h" />
		<Unit filename="src/engine/game/dungeon/utils/treemap.c">
			<Option compilerVar="CC" />
		</Unit>
		<Unit filename="src/engine/game/dungeon/utils/treemap.h" />
		<Unit filename="src/engine/game/garden.c">
			<Option compilerVar="CC" />
		</Unit>
		<Unit filename="src/engine/game/garden.h" />
		<Unit filename="src/engine/game/inventory.c">
			<Option compilerVar="CC" />
		</Unit>
		<Unit filename="src/engine/game/inventory.h" />
		<Unit filename="src/engine/game/layout.c">
			<Option compilerVar="CC" />
		</Unit>
		<Unit filename="src/engine/game/layout.h" />
		<Unit filename="src/engine/game/movement.c">
			<Option compilerVar="CC" />
		</Unit>
		<Unit filename="src/engine/game/movement.h" />
		<Unit filename="src/engine/game/plants.c">
			<Option compilerVar="CC" />
		</Unit>
		<Unit filename="src/engine/game/plants.h" />
		<Unit filename="src/engine/game/player.c">
			<Option compilerVar="CC" />
		</Unit>
		<Unit filename="src/engine/game/player.h" />
		<Unit filename="src/engine/main.c">
			<Option compilerVar="CC" />
		</Unit>
		<Unit filename="src/engine/main.h" />
		<Unit filename="src/engine/save.c">
			<Option compilerVar="CC" />
		</Unit>
		<Unit filename="src/engine/save.h" />
		<Unit filename="src/engine/timer.c">
			<Option compilerVar="CC" />
		</Unit>
		<Unit filename="src/engine/timer.h" />
		<Unit filename="src/game.c">
			<Option compilerVar="CC" />
		</Unit>
		<Unit filename="src/game.h" />
		<Unit filename="src/scenes/inventory/event.c">
			<Option compilerVar="CC" />
		</Unit>
		<Unit filename="src/scenes/inventory/event.h" />
		<Unit filename="src/scenes/inventory/inventory.c">
			<Option compilerVar="CC" />
		</Unit>
		<Unit filename="src/scenes/inventory/inventory.h" />
		<Unit filename="src/scenes/inventory/logic.c">
			<Option compilerVar="CC" />
		</Unit>
		<Unit filename="src/scenes/inventory/logic.h" />
		<Unit filename="src/scenes/inventory/render.c">
			<Option compilerVar="CC" />
		</Unit>
		<Unit filename="src/scenes/inventory/render.h" />
		<Unit filename="src/scenes/loadingScreen/event.c">
			<Option compilerVar="CC" />
		</Unit>
		<Unit filename="src/scenes/loadingScreen/event.h" />
		<Unit filename="src/scenes/loadingScreen/loadingScreen.c">
			<Option compilerVar="CC" />
		</Unit>
		<Unit filename="src/scenes/loadingScreen/loadingScreen.h" />
		<Unit filename="src/scenes/loadingScreen/logic.c">
			<Option compilerVar="CC" />
		</Unit>
		<Unit filename="src/scenes/loadingScreen/logic.h" />
		<Unit filename="src/scenes/loadingScreen/render.c">
			<Option compilerVar="CC" />
		</Unit>
		<Unit filename="src/scenes/loadingScreen/render.h" />
		<Unit filename="src/scenes/lobby/event.c">
			<Option compilerVar="CC" />
		</Unit>
		<Unit filename="src/scenes/lobby/event.h" />
		<Unit filename="src/scenes/lobby/lobby.c">
			<Option compilerVar="CC" />
		</Unit>
		<Unit filename="src/scenes/lobby/lobby.h" />
		<Unit filename="src/scenes/lobby/logic.c">
			<Option compilerVar="CC" />
		</Unit>
		<Unit filename="src/scenes/lobby/logic.h" />
		<Unit filename="src/scenes/lobby/render.c">
			<Option compilerVar="CC" />
		</Unit>
		<Unit filename="src/scenes/lobby/render.h" />
		<Unit filename="src/scenes/mainMenu/event.c">
			<Option compilerVar="CC" />
		</Unit>
		<Unit filename="src/scenes/mainMenu/event.h" />
		<Unit filename="src/scenes/mainMenu/logic.c">
			<Option compilerVar="CC" />
		</Unit>
		<Unit filename="src/scenes/mainMenu/logic.h" />
		<Unit filename="src/scenes/mainMenu/mainMenu.c">
			<Option compilerVar="CC" />
		</Unit>
		<Unit filename="src/scenes/mainMenu/mainMenu.h" />
		<Unit filename="src/scenes/mainMenu/render.c">
			<Option compilerVar="CC" />
		</Unit>
		<Unit filename="src/scenes/mainMenu/render.h" />
		<Unit filename="src/scenes/options/event.c">
			<Option compilerVar="CC" />
		</Unit>
		<Unit filename="src/scenes/options/event.h" />
		<Unit filename="src/scenes/options/logic.c">
			<Option compilerVar="CC" />
		</Unit>
		<Unit filename="src/scenes/options/logic.h" />
		<Unit filename="src/scenes/options/options.c">
			<Option compilerVar="CC" />
		</Unit>
		<Unit filename="src/scenes/options/options.h" />
		<Unit filename="src/scenes/options/render.c">
			<Option compilerVar="CC" />
		</Unit>
		<Unit filename="src/scenes/options/render.h" />
		<Unit filename="src/scenes/shop/event.c">
			<Option compilerVar="CC" />
		</Unit>
		<Unit filename="src/scenes/shop/event.h" />
		<Unit filename="src/scenes/shop/logic.c">
			<Option compilerVar="CC" />
		</Unit>
		<Unit filename="src/scenes/shop/logic.h" />
		<Unit filename="src/scenes/shop/render.c">
			<Option compilerVar="CC" />
		</Unit>
		<Unit filename="src/scenes/shop/render.h" />
		<Unit filename="src/scenes/shop/shop.c">
			<Option compilerVar="CC" />
		</Unit>
		<Unit filename="src/scenes/shop/shop.h" />
		<Unit filename="src/scenes/test/event.c">
			<Option compilerVar="CC" />
		</Unit>
		<Unit filename="src/scenes/test/event.h" />
		<Unit filename="src/scenes/test/logic.c">
			<Option compilerVar="CC" />
		</Unit>
		<Unit filename="src/scenes/test/logic.h" />
		<Unit filename="src/scenes/test/render.c">
			<Option compilerVar="CC" />
		</Unit>
		<Unit filename="src/scenes/test/render.h" />
		<Unit filename="src/scenes/test/test.c">
			<Option compilerVar="CC" />
		</Unit>
		<Unit filename="src/scenes/test/test.h" />
		<Unit filename="src/structures/inventory.h" />
		<Unit filename="src/structures/lobby.h" />
		<Unit filename="src/structures/mainMenu.h" />
		<Unit filename="src/structures/options.h" />
		<Unit filename="src/structures/shop.h" />
		<Unit filename="src/utils/math.c">
			<Option compilerVar="CC" />
		</Unit>
		<Unit filename="src/utils/math.h" />
		<Unit filename="src/window.c">
			<Option compilerVar="CC" />
		</Unit>
		<Unit filename="src/window.h" />
		<Extensions>
			<code_completion />
			<envvars />
			<debugger />
			<lib_finder disable_auto="1" />
		</Extensions>
	</Project>
</CodeBlocks_project_file>
