<?xml version="1.0" encoding="UTF-8" standalone="yes" ?>
<CodeBlocks_project_file>
	<FileVersion major="1" minor="6" />
	<Project>
		<Option title="free_project" />
		<Option pch_mode="2" />
		<Option compiler="gcc" />
		<Build>
			<Target title="Debug">
				<Option output="bin/Debug/free_project" prefix_auto="1" extension_auto="1" />
				<Option object_output="obj/Debug/" />
				<Option type="1" />
				<Option compiler="gcc" />
				<Compiler>
					<Add option="-g" />
				</Compiler>
			</Target>
			<Target title="Release">
				<Option output="bin/Release/free_project" prefix_auto="1" extension_auto="1" />
				<Option object_output="obj/Release/" />
				<Option type="0" />
				<Option compiler="gcc" />
				<Compiler>
					<Add option="-O2" />
				</Compiler>
				<Linker>
					<Add option="-s" />
				</Linker>
			</Target>
		</Build>
		<Compiler>
			<Add option="-Wall" />
			<Add option="-std=c99" />
			<Add directory="C:/Program Files (x86)/CodeBlocks/MinGW/include/SDL-1.2.15/include" />
		</Compiler>
		<Linker>
			<Add library="mingw32" />
			<Add library="SDLmain" />
			<Add library="SDL.dll" />
			<Add library="user32" />
			<Add library="gdi32" />
			<Add library="winmm" />
			<Add library="dxguid" />
			<Add directory="C:/Program Files (x86)/CodeBlocks/MinGW/include/SDL-1.2.15/lib" />
		</Linker>
		<Unit filename="main.c">
			<Option compilerVar="CC" />
		</Unit>
		<Unit filename="src/asset.c">
			<Option compilerVar="CC" />
		</Unit>
		<Unit filename="src/asset.h" />
		<Unit filename="src/data.c">
			<Option compilerVar="CC" />
		</Unit>
		<Unit filename="src/data.h" />
		<Unit filename="src/engine/collectors/image.c">
			<Option compilerVar="CC" />
		</Unit>
		<Unit filename="src/engine/collectors/image.h" />
		<Unit filename="src/engine/collectors/scene.c">
			<Option compilerVar="CC" />
		</Unit>
		<Unit filename="src/engine/collectors/scene.h" />
		<Unit filename="src/engine/collectors/ttf.c">
			<Option compilerVar="CC" />
		</Unit>
		<Unit filename="src/engine/collectors/ttf.h" />
		<Unit filename="src/engine/main.c">
			<Option compilerVar="CC" />
		</Unit>
		<Unit filename="src/engine/main.h" />
		<Unit filename="src/engine/save.c">
			<Option compilerVar="CC" />
		</Unit>
		<Unit filename="src/engine/save.h" />
		<Unit filename="src/game.c">
			<Option compilerVar="CC" />
		</Unit>
		<Unit filename="src/game.h" />
		<Unit filename="src/garden.c">
			<Option compilerVar="CC" />
		</Unit>
		<Unit filename="src/garden.h" />
		<Unit filename="src/inventory.c">
			<Option compilerVar="CC" />
		</Unit>
		<Unit filename="src/inventory.h" />
		<Unit filename="src/launch.c">
			<Option compilerVar="CC" />
		</Unit>
		<Unit filename="src/launch.h" />
		<Unit filename="src/layout.c">
			<Option compilerVar="CC" />
		</Unit>
		<Unit filename="src/layout.h" />
		<Unit filename="src/movement.c">
			<Option compilerVar="CC" />
		</Unit>
		<Unit filename="src/movement.h" />
		<Unit filename="src/player.c">
			<Option compilerVar="CC" />
		</Unit>
		<Unit filename="src/player.h" />
		<Unit filename="src/scenes/loadingScreen/event.c">
			<Option compilerVar="CC" />
		</Unit>
		<Unit filename="src/scenes/loadingScreen/event.h" />
		<Unit filename="src/scenes/loadingScreen/loadingScreen.c">
			<Option compilerVar="CC" />
		</Unit>
		<Unit filename="src/scenes/loadingScreen/loadingScreen.h" />
		<Unit filename="src/scenes/loadingScreen/logic.c">
			<Option compilerVar="CC" />
		</Unit>
		<Unit filename="src/scenes/loadingScreen/logic.h" />
		<Unit filename="src/scenes/loadingScreen/render.c">
			<Option compilerVar="CC" />
		</Unit>
		<Unit filename="src/scenes/loadingScreen/render.h" />
		<Unit filename="src/scenes/lobby/event.c">
			<Option compilerVar="CC" />
		</Unit>
		<Unit filename="src/scenes/lobby/event.h" />
		<Unit filename="src/scenes/lobby/lobby.c">
			<Option compilerVar="CC" />
		</Unit>
		<Unit filename="src/scenes/lobby/lobby.h" />
		<Unit filename="src/scenes/lobby/logic.c">
			<Option compilerVar="CC" />
		</Unit>
		<Unit filename="src/scenes/lobby/logic.h" />
		<Unit filename="src/scenes/lobby/render.c">
			<Option compilerVar="CC" />
		</Unit>
		<Unit filename="src/scenes/lobby/render.h" />
		<Unit filename="src/scenes/mainMenu/event.c">
			<Option compilerVar="CC" />
		</Unit>
		<Unit filename="src/scenes/mainMenu/event.h" />
		<Unit filename="src/scenes/mainMenu/logic.c">
			<Option compilerVar="CC" />
		</Unit>
		<Unit filename="src/scenes/mainMenu/logic.h" />
		<Unit filename="src/scenes/mainMenu/mainMenu.c">
			<Option compilerVar="CC" />
		</Unit>
		<Unit filename="src/scenes/mainMenu/mainMenu.h" />
		<Unit filename="src/scenes/mainMenu/render.c">
			<Option compilerVar="CC" />
		</Unit>
		<Unit filename="src/scenes/mainMenu/render.h" />
		<Unit filename="src/scenes/shopScreen/event.c">
			<Option compilerVar="CC" />
		</Unit>
		<Unit filename="src/scenes/shopScreen/event.h" />
		<Unit filename="src/scenes/shopScreen/logic.c">
			<Option compilerVar="CC" />
		</Unit>
		<Unit filename="src/scenes/shopScreen/logic.h" />
		<Unit filename="src/scenes/shopScreen/render.c">
			<Option compilerVar="CC" />
		</Unit>
		<Unit filename="src/scenes/shopScreen/render.h" />
		<Unit filename="src/scenes/shopScreen/shopScreen.c">
			<Option compilerVar="CC" />
		</Unit>
		<Unit filename="src/scenes/shopScreen/shopScreen.h" />
		<Unit filename="src/structures/lobby.h" />
		<Unit filename="src/structures/mainMenu.h" />
		<Unit filename="src/structures/scene.h" />
		<Unit filename="src/structures/shopScreen.h" />
		<Unit filename="src/timer.c">
			<Option compilerVar="CC" />
		</Unit>
		<Unit filename="src/timer.h" />
		<Unit filename="src/window.c">
			<Option compilerVar="CC" />
		</Unit>
		<Unit filename="src/window.h" />
		<Extensions>
			<code_completion />
			<envvars />
			<debugger />
			<lib_finder disable_auto="1" />
		</Extensions>
	</Project>
</CodeBlocks_project_file>
